
Microsoft Visual Studio Solution File, Format Version 12.00
# Visual Studio 15
VisualStudioVersion = 15.0.28307.1831
MinimumVisualStudioVersion = 10.0.40219.1
Project("{FAE04EC0-301F-11D3-BF4B-00C04F79EFBC}") = "1842-DileoJavier-Parcial2", "1842-DileoJavier-Parcial2\1842-DileoJavier-Parcial2.csproj", "{6B5F7EFE-F151-41A0-BBD6-12E6FE662C8E}"
EndProject
Global
	GlobalSection(SolutionConfigurationPlatforms) = preSolution
		Debug|Any CPU = Debug|Any CPU
		Release|Any CPU = Release|Any CPU
	EndGlobalSection
	GlobalSection(ProjectConfigurationPlatforms) = postSolution
		{6B5F7EFE-F151-41A0-BBD6-12E6FE662C8E}.Debug|Any CPU.ActiveCfg = Debug|Any CPU
		{6B5F7EFE-F151-41A0-BBD6-12E6FE662C8E}.Debug|Any CPU.Build.0 = Debug|Any CPU
		{6B5F7EFE-F151-41A0-BBD6-12E6FE662C8E}.Release|Any CPU.ActiveCfg = Release|Any CPU
		{6B5F7EFE-F151-41A0-BBD6-12E6FE662C8E}.Release|Any CPU.Build.0 = Release|Any CPU
	EndGlobalSection
	GlobalSection(SolutionProperties) = preSolution
		HideSolutionNode = FALSE
	EndGlobalSection
	GlobalSection(ExtensibilityGlobals) = postSolution
		SolutionGuid = {8B6689DB-0F7B-4939-AF99-1E46F0375F93}
	EndGlobalSection
EndGlobal
